Microsoft Visual Studio Solution File, Format Version 12.00
# Visual Studio Version 17
VisualStudioVersion = 17.5.2.0
MinimumVisualStudioVersion = 10.0.40219.1
Project("{FAE04EC0-301F-11D3-BF4B-00C04F79EFBC}") = "Lector.API", "Lector.API.csproj", "{DDEA6ADE-08C3-481A-A229-B17898F43B83}"
EndProject
Global
	GlobalSection(SolutionConfigurationPlatforms) = preSolution
		Debug|Any CPU = Debug|Any CPU
		Release|Any CPU = Release|Any CPU
	EndGlobalSection
	GlobalSection(ProjectConfigurationPlatforms) = postSolution
		{DDEA6ADE-08C3-481A-A229-B17898F43B83}.Debug|Any CPU.ActiveCfg = Debug|Any CPU
		{DDEA6ADE-08C3-481A-A229-B17898F43B83}.Debug|Any CPU.Build.0 = Debug|Any CPU
		{DDEA6ADE-08C3-481A-A229-B17898F43B83}.Release|Any CPU.ActiveCfg = Release|Any CPU
		{DDEA6ADE-08C3-481A-A229-B17898F43B83}.Release|Any CPU.Build.0 = Release|Any CPU
	EndGlobalSection
	GlobalSection(SolutionProperties) = preSolution
		HideSolutionNode = FALSE
	EndGlobalSection
	GlobalSection(ExtensibilityGlobals) = postSolution
		SolutionGuid = {6232C838-3D9D-46B5-B35B-239B42F96757}
	EndGlobalSection
EndGlobal
